
Microsoft Visual Studio Solution File, Format Version 12.00
# Visual Studio 2012
Project("{E24C65DC-7377-472B-9ABA-BC803B73C61A}") = "SesarMobile.Web", ".", "{5621E4D4-262D-4C3E-8076-CF9B01AC020E}"
	ProjectSection(WebsiteProperties) = preProject
		TargetFrameworkMoniker = ".NETFramework,Version%3Dv4.0"
		Debug.AspNetCompiler.VirtualPath = "/SesarMobile.Web"
		Debug.AspNetCompiler.PhysicalPath = "..\SesarMobile.Web\"
		Debug.AspNetCompiler.TargetPath = "PrecompiledWeb\SesarMobile.Web\"
		Debug.AspNetCompiler.Updateable = "true"
		Debug.AspNetCompiler.ForceOverwrite = "true"
		Debug.AspNetCompiler.FixedNames = "false"
		Debug.AspNetCompiler.Debug = "True"
		Release.AspNetCompiler.VirtualPath = "/SesarMobile.Web"
		Release.AspNetCompiler.PhysicalPath = "..\SesarMobile.Web\"
		Release.AspNetCompiler.TargetPath = "PrecompiledWeb\SesarMobile.Web\"
		Release.AspNetCompiler.Updateable = "true"
		Release.AspNetCompiler.ForceOverwrite = "true"
		Release.AspNetCompiler.FixedNames = "false"
		Release.AspNetCompiler.Debug = "False"
		VWDPort = "32869"
	EndProjectSection
EndProject
Global
	GlobalSection(SolutionConfigurationPlatforms) = preSolution
		Debug|Any CPU = Debug|Any CPU
	EndGlobalSection
	GlobalSection(ProjectConfigurationPlatforms) = postSolution
		{5621E4D4-262D-4C3E-8076-CF9B01AC020E}.Debug|Any CPU.ActiveCfg = Debug|Any CPU
		{5621E4D4-262D-4C3E-8076-CF9B01AC020E}.Debug|Any CPU.Build.0 = Debug|Any CPU
	EndGlobalSection
	GlobalSection(SolutionProperties) = preSolution
		HideSolutionNode = FALSE
	EndGlobalSection
EndGlobal
